// !$*UTF8*$!
{
	archiveVersion = 1;
	classes = {
	};
	objectVersion = 56;
	objects = {

/* Begin PBXBuildFile section */
		10C545A9290FAE2200D2FDFD /* LandmarksApp.swift in Sources */ = {isa = PBXBuildFile; fileRef = 10C545A8290FAE2200D2FDFD /* LandmarksApp.swift */; };
		10C545AD290FAE2200D2FDFD /* Assets.xcassets in Resources */ = {isa = PBXBuildFile; fileRef = 10C545AC290FAE2200D2FDFD /* Assets.xcassets */; };
		10C545B1290FAE2200D2FDFD /* Preview Assets.xcassets in Resources */ = {isa = PBXBuildFile; fileRef = 10C545B0290FAE2200D2FDFD /* Preview Assets.xcassets */; };
		10C545B8290FE42A00D2FDFD /* CircleImage.swift in Sources */ = {isa = PBXBuildFile; fileRef = 10C545B7290FE42A00D2FDFD /* CircleImage.swift */; };
		10C545BA290FE62C00D2FDFD /* MapView.swift in Sources */ = {isa = PBXBuildFile; fileRef = 10C545B9290FE62C00D2FDFD /* MapView.swift */; };
		10C545BC290FE98900D2FDFD /* landmarkData.json in Resources */ = {isa = PBXBuildFile; fileRef = 10C545BB290FE98900D2FDFD /* landmarkData.json */; };
		10C545BE290FE9B300D2FDFD /* Landmark.swift in Sources */ = {isa = PBXBuildFile; fileRef = 10C545BD290FE9B300D2FDFD /* Landmark.swift */; };
		10C545C3290FEECA00D2FDFD /* LandmarkRow.swift in Sources */ = {isa = PBXBuildFile; fileRef = 10C545C2290FEECA00D2FDFD /* LandmarkRow.swift */; };
		10C545C5290FEFD400D2FDFD /* LandmarkList.swift in Sources */ = {isa = PBXBuildFile; fileRef = 10C545C4290FEFD400D2FDFD /* LandmarkList.swift */; };
		10C545C7290FF18C00D2FDFD /* LandmarkDetail.swift in Sources */ = {isa = PBXBuildFile; fileRef = 10C545C6290FF18C00D2FDFD /* LandmarkDetail.swift */; };
		10C545C92910091900D2FDFD /* FavoriteButton.swift in Sources */ = {isa = PBXBuildFile; fileRef = 10C545C82910091900D2FDFD /* FavoriteButton.swift */; };
		10C545D22912A6D500D2FDFD /* CategoryHome.swift in Sources */ = {isa = PBXBuildFile; fileRef = 10C545D12912A6D500D2FDFD /* CategoryHome.swift */; };
		10C545D42912AA2600D2FDFD /* CategoryRow.swift in Sources */ = {isa = PBXBuildFile; fileRef = 10C545D32912AA2600D2FDFD /* CategoryRow.swift */; };
		10C545D62912AB5E00D2FDFD /* CategoryItem.swift in Sources */ = {isa = PBXBuildFile; fileRef = 10C545D52912AB5E00D2FDFD /* CategoryItem.swift */; };
		10C545D92912C00300D2FDFD /* Tabs.swift in Sources */ = {isa = PBXBuildFile; fileRef = 10C545D82912C00300D2FDFD /* Tabs.swift */; };
		10C545DB2912C3AE00D2FDFD /* Carousel.swift in Sources */ = {isa = PBXBuildFile; fileRef = 10C545DA2912C3AE00D2FDFD /* Carousel.swift */; };
/* End PBXBuildFile section */

/* Begin PBXFileReference section */
		10C545A5290FAE2200D2FDFD /* Landmarks.app */ = {isa = PBXFileReference; explicitFileType = wrapper.application; includeInIndex = 0; path = Landmarks.app; sourceTree = BUILT_PRODUCTS_DIR; };
		10C545A8290FAE2200D2FDFD /* LandmarksApp.swift */ = {isa = PBXFileReference; lastKnownFileType = sourcecode.swift; path = LandmarksApp.swift; sourceTree = "<group>"; };
		10C545AC290FAE2200D2FDFD /* Assets.xcassets */ = {isa = PBXFileReference; lastKnownFileType = folder.assetcatalog; path = Assets.xcassets; sourceTree = "<group>"; };
		10C545AE290FAE2200D2FDFD /* Landmarks.entitlements */ = {isa = PBXFileReference; lastKnownFileType = text.plist.entitlements; path = Landmarks.entitlements; sourceTree = "<group>"; };
		10C545B0290FAE2200D2FDFD /* Preview Assets.xcassets */ = {isa = PBXFileReference; lastKnownFileType = folder.assetcatalog; path = "Preview Assets.xcassets"; sourceTree = "<group>"; };
		10C545B7290FE42A00D2FDFD /* CircleImage.swift */ = {isa = PBXFileReference; lastKnownFileType = sourcecode.swift; path = CircleImage.swift; sourceTree = "<group>"; };
		10C545B9290FE62C00D2FDFD /* MapView.swift */ = {isa = PBXFileReference; lastKnownFileType = sourcecode.swift; path = MapView.swift; sourceTree = "<group>"; };
		10C545BB290FE98900D2FDFD /* landmarkData.json */ = {isa = PBXFileReference; fileEncoding = 4; lastKnownFileType = text.json; path = landmarkData.json; sourceTree = "<group>"; };
		10C545BD290FE9B300D2FDFD /* Landmark.swift */ = {isa = PBXFileReference; lastKnownFileType = sourcecode.swift; path = Landmark.swift; sourceTree = "<group>"; };
		10C545C2290FEECA00D2FDFD /* LandmarkRow.swift */ = {isa = PBXFileReference; lastKnownFileType = sourcecode.swift; path = LandmarkRow.swift; sourceTree = "<group>"; };
		10C545C4290FEFD400D2FDFD /* LandmarkList.swift */ = {isa = PBXFileReference; lastKnownFileType = sourcecode.swift; path = LandmarkList.swift; sourceTree = "<group>"; };
		10C545C6290FF18C00D2FDFD /* LandmarkDetail.swift */ = {isa = PBXFileReference; lastKnownFileType = sourcecode.swift; path = LandmarkDetail.swift; sourceTree = "<group>"; };
		10C545C82910091900D2FDFD /* FavoriteButton.swift */ = {isa = PBXFileReference; lastKnownFileType = sourcecode.swift; path = FavoriteButton.swift; sourceTree = "<group>"; };
		10C545D12912A6D500D2FDFD /* CategoryHome.swift */ = {isa = PBXFileReference; lastKnownFileType = sourcecode.swift; path = CategoryHome.swift; sourceTree = "<group>"; };
		10C545D32912AA2600D2FDFD /* CategoryRow.swift */ = {isa = PBXFileReference; lastKnownFileType = sourcecode.swift; path = CategoryRow.swift; sourceTree = "<group>"; };
		10C545D52912AB5E00D2FDFD /* CategoryItem.swift */ = {isa = PBXFileReference; lastKnownFileType = sourcecode.swift; path = CategoryItem.swift; sourceTree = "<group>"; };
		10C545D82912C00300D2FDFD /* Tabs.swift */ = {isa = PBXFileReference; lastKnownFileType = sourcecode.swift; path = Tabs.swift; sourceTree = "<group>"; };
		10C545DA2912C3AE00D2FDFD /* Carousel.swift */ = {isa = PBXFileReference; lastKnownFileType = sourcecode.swift; path = Carousel.swift; sourceTree = "<group>"; };
/* End PBXFileReference section */

/* Begin PBXFrameworksBuildPhase section */
		10C545A2290FAE2200D2FDFD /* Frameworks */ = {
			isa = PBXFrameworksBuildPhase;
			buildActionMask = 2147483647;
			files = (
			);
			runOnlyForDeploymentPostprocessing = 0;
		};
/* End PBXFrameworksBuildPhase section */

/* Begin PBXGroup section */
		10C5459C290FAE2200D2FDFD = {
			isa = PBXGroup;
			children = (
				10C545A7290FAE2200D2FDFD /* Landmarks */,
				10C545A6290FAE2200D2FDFD /* Products */,
			);
			sourceTree = "<group>";
		};
		10C545A6290FAE2200D2FDFD /* Products */ = {
			isa = PBXGroup;
			children = (
				10C545A5290FAE2200D2FDFD /* Landmarks.app */,
			);
			name = Products;
			sourceTree = "<group>";
		};
		10C545A7290FAE2200D2FDFD /* Landmarks */ = {
			isa = PBXGroup;
			children = (
				10C545A8290FAE2200D2FDFD /* LandmarksApp.swift */,
				10C545BF290FEE5D00D2FDFD /* Views */,
				10C545C1290FEE7900D2FDFD /* Model */,
				10C545C0290FEE6F00D2FDFD /* Resources */,
				10C545AC290FAE2200D2FDFD /* Assets.xcassets */,
				10C545AE290FAE2200D2FDFD /* Landmarks.entitlements */,
				10C545AF290FAE2200D2FDFD /* Preview Content */,
			);
			path = Landmarks;
			sourceTree = "<group>";
		};
		10C545AF290FAE2200D2FDFD /* Preview Content */ = {
			isa = PBXGroup;
			children = (
				10C545B0290FAE2200D2FDFD /* Preview Assets.xcassets */,
			);
			path = "Preview Content";
			sourceTree = "<group>";
		};
		10C545BF290FEE5D00D2FDFD /* Views */ = {
			isa = PBXGroup;
			children = (
				10C545D72912BFF500D2FDFD /* Main */,
				10C545D02912A6C100D2FDFD /* Category */,
				10C545CF2912A6B700D2FDFD /* Landmark */,
				10C545CE2912A6AD00D2FDFD /* Helpers */,
			);
			path = Views;
			sourceTree = "<group>";
		};
		10C545C0290FEE6F00D2FDFD /* Resources */ = {
			isa = PBXGroup;
			children = (
				10C545BB290FE98900D2FDFD /* landmarkData.json */,
			);
			path = Resources;
			sourceTree = "<group>";
		};
		10C545C1290FEE7900D2FDFD /* Model */ = {
			isa = PBXGroup;
			children = (
				10C545BD290FE9B300D2FDFD /* Landmark.swift */,
			);
			path = Model;
			sourceTree = "<group>";
		};
		10C545CE2912A6AD00D2FDFD /* Helpers */ = {
			isa = PBXGroup;
			children = (
				10C545B7290FE42A00D2FDFD /* CircleImage.swift */,
				10C545B9290FE62C00D2FDFD /* MapView.swift */,
				10C545C82910091900D2FDFD /* FavoriteButton.swift */,
				10C545DA2912C3AE00D2FDFD /* Carousel.swift */,
			);
			path = Helpers;
			sourceTree = "<group>";
		};
		10C545CF2912A6B700D2FDFD /* Landmark */ = {
			isa = PBXGroup;
			children = (
				10C545C4290FEFD400D2FDFD /* LandmarkList.swift */,
				10C545C2290FEECA00D2FDFD /* LandmarkRow.swift */,
				10C545C6290FF18C00D2FDFD /* LandmarkDetail.swift */,
			);
			path = Landmark;
			sourceTree = "<group>";
		};
		10C545D02912A6C100D2FDFD /* Category */ = {
			isa = PBXGroup;
			children = (
				10C545D12912A6D500D2FDFD /* CategoryHome.swift */,
				10C545D32912AA2600D2FDFD /* CategoryRow.swift */,
				10C545D52912AB5E00D2FDFD /* CategoryItem.swift */,
			);
			path = Category;
			sourceTree = "<group>";
		};
		10C545D72912BFF500D2FDFD /* Main */ = {
			isa = PBXGroup;
			children = (
				10C545D82912C00300D2FDFD /* Tabs.swift */,
			);
			path = Main;
			sourceTree = "<group>";
		};
/* End PBXGroup section */

/* Begin PBXNativeTarget section */
		10C545A4290FAE2200D2FDFD /* Landmarks */ = {
			isa = PBXNativeTarget;
			buildConfigurationList = 10C545B4290FAE2200D2FDFD /* Build configuration list for PBXNativeTarget "Landmarks" */;
			buildPhases = (
				10C545A1290FAE2200D2FDFD /* Sources */,
				10C545A2290FAE2200D2FDFD /* Frameworks */,
				10C545A3290FAE2200D2FDFD /* Resources */,
			);
			buildRules = (
			);
			dependencies = (
			);
			name = Landmarks;
			productName = Landmarks;
			productReference = 10C545A5290FAE2200D2FDFD /* Landmarks.app */;
			productType = "com.apple.product-type.application";
		};
/* End PBXNativeTarget section */

/* Begin PBXProject section */
		10C5459D290FAE2200D2FDFD /* Project object */ = {
			isa = PBXProject;
			attributes = {
				BuildIndependentTargetsInParallel = 1;
				LastSwiftUpdateCheck = 1400;
				LastUpgradeCheck = 1400;
				TargetAttributes = {
					10C545A4290FAE2200D2FDFD = {
						CreatedOnToolsVersion = 14.0.1;
					};
				};
			};
			buildConfigurationList = 10C545A0290FAE2200D2FDFD /* Build configuration list for PBXProject "Landmarks" */;
			compatibilityVersion = "Xcode 14.0";
			developmentRegion = en;
			hasScannedForEncodings = 0;
			knownRegions = (
				en,
				Base,
			);
			mainGroup = 10C5459C290FAE2200D2FDFD;
			productRefGroup = 10C545A6290FAE2200D2FDFD /* Products */;
			projectDirPath = "";
			projectRoot = "";
			targets = (
				10C545A4290FAE2200D2FDFD /* Landmarks */,
			);
		};
/* End PBXProject section */

/* Begin PBXResourcesBuildPhase section */
		10C545A3290FAE2200D2FDFD /* Resources */ = {
			isa = PBXResourcesBuildPhase;
			buildActionMask = 2147483647;
			files = (
				10C545B1290FAE2200D2FDFD /* Preview Assets.xcassets in Resources */,
				10C545AD290FAE2200D2FDFD /* Assets.xcassets in Resources */,
				10C545BC290FE98900D2FDFD /* landmarkData.json in Resources */,
			);
			runOnlyForDeploymentPostprocessing = 0;
		};
/* End PBXResourcesBuildPhase section */

/* Begin PBXSourcesBuildPhase section */
		10C545A1290FAE2200D2FDFD /* Sources */ = {
			isa = PBXSourcesBuildPhase;
			buildActionMask = 2147483647;
			files = (
				10C545BA290FE62C00D2FDFD /* MapView.swift in Sources */,
				10C545D22912A6D500D2FDFD /* CategoryHome.swift in Sources */,
				10C545DB2912C3AE00D2FDFD /* Carousel.swift in Sources */,
				10C545D42912AA2600D2FDFD /* CategoryRow.swift in Sources */,
				10C545C3290FEECA00D2FDFD /* LandmarkRow.swift in Sources */,
				10C545C5290FEFD400D2FDFD /* LandmarkList.swift in Sources */,
				10C545C92910091900D2FDFD /* FavoriteButton.swift in Sources */,
				10C545C7290FF18C00D2FDFD /* LandmarkDetail.swift in Sources */,
				10C545A9290FAE2200D2FDFD /* LandmarksApp.swift in Sources */,
				10C545B8290FE42A00D2FDFD /* CircleImage.swift in Sources */,
				10C545D62912AB5E00D2FDFD /* CategoryItem.swift in Sources */,
				10C545BE290FE9B300D2FDFD /* Landmark.swift in Sources */,
				10C545D92912C00300D2FDFD /* Tabs.swift in Sources */,
			);
			runOnlyForDeploymentPostprocessing = 0;
		};
/* End PBXSourcesBuildPhase section */

/* Begin XCBuildConfiguration section */
		10C545B2290FAE2200D2FDFD /* Debug */ = {
			isa = XCBuildConfiguration;
			buildSettings = {
				ALWAYS_SEARCH_USER_PATHS = NO;
				CLANG_ANALYZER_NONNULL = YES;
				CLANG_ANALYZER_NUMBER_OBJECT_CONVERSION = YES_AGGRESSIVE;
				CLANG_CXX_LANGUAGE_STANDARD = "gnu++20";
				CLANG_ENABLE_MODULES = YES;
				CLANG_ENABLE_OBJC_ARC = YES;
				CLANG_ENABLE_OBJC_WEAK = YES;
				CLANG_WARN_BLOCK_CAPTURE_AUTORELEASING = YES;
				CLANG_WARN_BOOL_CONVERSION = YES;
				CLANG_WARN_COMMA = YES;
				CLANG_WARN_CONSTANT_CONVERSION = YES;
				CLANG_WARN_DEPRECATED_OBJC_IMPLEMENTATIONS = YES;
				CLANG_WARN_DIRECT_OBJC_ISA_USAGE = YES_ERROR;
				CLANG_WARN_DOCUMENTATION_COMMENTS = YES;
				CLANG_WARN_EMPTY_BODY = YES;
				CLANG_WARN_ENUM_CONVERSION = YES;
				CLANG_WARN_INFINITE_RECURSION = YES;
				CLANG_WARN_INT_CONVERSION = YES;
				CLANG_WARN_NON_LITERAL_NULL_CONVERSION = YES;
				CLANG_WARN_OBJC_IMPLICIT_RETAIN_SELF = YES;
				CLANG_WARN_OBJC_LITERAL_CONVERSION = YES;
				CLANG_WARN_OBJC_ROOT_CLASS = YES_ERROR;
				CLANG_WARN_QUOTED_INCLUDE_IN_FRAMEWORK_HEADER = YES;
				CLANG_WARN_RANGE_LOOP_ANALYSIS = YES;
				CLANG_WARN_STRICT_PROTOTYPES = YES;
				CLANG_WARN_SUSPICIOUS_MOVE = YES;
				CLANG_WARN_UNGUARDED_AVAILABILITY = YES_AGGRESSIVE;
				CLANG_WARN_UNREACHABLE_CODE = YES;
				CLANG_WARN__DUPLICATE_METHOD_MATCH = YES;
				COPY_PHASE_STRIP = NO;
				DEBUG_INFORMATION_FORMAT = dwarf;
				ENABLE_STRICT_OBJC_MSGSEND = YES;
				ENABLE_TESTABILITY = YES;
				GCC_C_LANGUAGE_STANDARD = gnu11;
				GCC_DYNAMIC_NO_PIC = NO;
				GCC_NO_COMMON_BLOCKS = YES;
				GCC_OPTIMIZATION_LEVEL = 0;
				GCC_PREPROCESSOR_DEFINITIONS = (
					"DEBUG=1",
					"$(inherited)",
				);
				GCC_WARN_64_TO_32_BIT_CONVERSION = YES;
				GCC_WARN_ABOUT_RETURN_TYPE = YES_ERROR;
				GCC_WARN_UNDECLARED_SELECTOR = YES;
				GCC_WARN_UNINITIALIZED_AUTOS = YES_AGGRESSIVE;
				GCC_WARN_UNUSED_FUNCTION = YES;
				GCC_WARN_UNUSED_VARIABLE = YES;
				MTL_ENABLE_DEBUG_INFO = INCLUDE_SOURCE;
				MTL_FAST_MATH = YES;
				ONLY_ACTIVE_ARCH = YES;
				SWIFT_ACTIVE_COMPILATION_CONDITIONS = DEBUG;
				SWIFT_OPTIMIZATION_LEVEL = "-Onone";
			};
			name = Debug;
		};
		10C545B3290FAE2200D2FDFD /* Release */ = {
			isa = XCBuildConfiguration;
			buildSettings = {
				ALWAYS_SEARCH_USER_PATHS = NO;
				CLANG_ANALYZER_NONNULL = YES;
				CLANG_ANALYZER_NUMBER_OBJECT_CONVERSION = YES_AGGRESSIVE;
				CLANG_CXX_LANGUAGE_STANDARD = "gnu++20";
				CLANG_ENABLE_MODULES = YES;
				CLANG_ENABLE_OBJC_ARC = YES;
				CLANG_ENABLE_OBJC_WEAK = YES;
				CLANG_WARN_BLOCK_CAPTURE_AUTORELEASING = YES;
				CLANG_WARN_BOOL_CONVERSION = YES;
				CLANG_WARN_COMMA = YES;
				CLANG_WARN_CONSTANT_CONVERSION = YES;
				CLANG_WARN_DEPRECATED_OBJC_IMPLEMENTATIONS = YES;
				CLANG_WARN_DIRECT_OBJC_ISA_USAGE = YES_ERROR;
				CLANG_WARN_DOCUMENTATION_COMMENTS = YES;
				CLANG_WARN_EMPTY_BODY = YES;
				CLANG_WARN_ENUM_CONVERSION = YES;
				CLANG_WARN_INFINITE_RECURSION = YES;
				CLANG_WARN_INT_CONVERSION = YES;
				CLANG_WARN_NON_LITERAL_NULL_CONVERSION = YES;
				CLANG_WARN_OBJC_IMPLICIT_RETAIN_SELF = YES;
				CLANG_WARN_OBJC_LITERAL_CONVERSION = YES;
				CLANG_WARN_OBJC_ROOT_CLASS = YES_ERROR;
				CLANG_WARN_QUOTED_INCLUDE_IN_FRAMEWORK_HEADER = YES;
				CLANG_WARN_RANGE_LOOP_ANALYSIS = YES;
				CLANG_WARN_STRICT_PROTOTYPES = YES;
				CLANG_WARN_SUSPICIOUS_MOVE = YES;
				CLANG_WARN_UNGUARDED_AVAILABILITY = YES_AGGRESSIVE;
				CLANG_WARN_UNREACHABLE_CODE = YES;
				CLANG_WARN__DUPLICATE_METHOD_MATCH = YES;
				COPY_PHASE_STRIP = NO;
				DEBUG_INFORMATION_FORMAT = "dwarf-with-dsym";
				ENABLE_NS_ASSERTIONS = NO;
				ENABLE_STRICT_OBJC_MSGSEND = YES;
				GCC_C_LANGUAGE_STANDARD = gnu11;
				GCC_NO_COMMON_BLOCKS = YES;
				GCC_WARN_64_TO_32_BIT_CONVERSION = YES;
				GCC_WARN_ABOUT_RETURN_TYPE = YES_ERROR;
				GCC_WARN_UNDECLARED_SELECTOR = YES;
				GCC_WARN_UNINITIALIZED_AUTOS = YES_AGGRESSIVE;
				GCC_WARN_UNUSED_FUNCTION = YES;
				GCC_WARN_UNUSED_VARIABLE = YES;
				MTL_ENABLE_DEBUG_INFO = NO;
				MTL_FAST_MATH = YES;
				SWIFT_COMPILATION_MODE = wholemodule;
				SWIFT_OPTIMIZATION_LEVEL = "-O";
			};
			name = Release;
		};
		10C545B5290FAE2200D2FDFD /* Debug */ = {
			isa = XCBuildConfiguration;
			buildSettings = {
				ASSETCATALOG_COMPILER_APPICON_NAME = AppIcon;
				ASSETCATALOG_COMPILER_GLOBAL_ACCENT_COLOR_NAME = AccentColor;
				CODE_SIGN_ENTITLEMENTS = Landmarks/Landmarks.entitlements;
				CODE_SIGN_STYLE = Automatic;
				CURRENT_PROJECT_VERSION = 1;
				DEVELOPMENT_ASSET_PATHS = "\"Landmarks/Preview Content\"";
				DEVELOPMENT_TEAM = JRGTZSQ5R3;
				ENABLE_HARDENED_RUNTIME = YES;
				ENABLE_PREVIEWS = YES;
				GENERATE_INFOPLIST_FILE = YES;
				"INFOPLIST_KEY_UIApplicationSceneManifest_Generation[sdk=iphoneos*]" = YES;
				"INFOPLIST_KEY_UIApplicationSceneManifest_Generation[sdk=iphonesimulator*]" = YES;
				"INFOPLIST_KEY_UIApplicationSupportsIndirectInputEvents[sdk=iphoneos*]" = YES;
				"INFOPLIST_KEY_UIApplicationSupportsIndirectInputEvents[sdk=iphonesimulator*]" = YES;
				"INFOPLIST_KEY_UILaunchScreen_Generation[sdk=iphoneos*]" = YES;
				"INFOPLIST_KEY_UILaunchScreen_Generation[sdk=iphonesimulator*]" = YES;
				"INFOPLIST_KEY_UIStatusBarStyle[sdk=iphoneos*]" = UIStatusBarStyleDefault;
				"INFOPLIST_KEY_UIStatusBarStyle[sdk=iphonesimulator*]" = UIStatusBarStyleDefault;
				INFOPLIST_KEY_UISupportedInterfaceOrientations_iPad = "UIInterfaceOrientationPortrait UIInterfaceOrientationPortraitUpsideDown UIInterfaceOrientationLandscapeLeft UIInterfaceOrientationLandscapeRight";
				INFOPLIST_KEY_UISupportedInterfaceOrientations_iPhone = "UIInterfaceOrientationPortrait UIInterfaceOrientationLandscapeLeft UIInterfaceOrientationLandscapeRight";
				IPHONEOS_DEPLOYMENT_TARGET = 16.0;
				LD_RUNPATH_SEARCH_PATHS = "@executable_path/Frameworks";
				"LD_RUNPATH_SEARCH_PATHS[sdk=macosx*]" = "@executable_path/../Frameworks";
				MACOSX_DEPLOYMENT_TARGET = 12.3;
				MARKETING_VERSION = 1.0;
				PRODUCT_BUNDLE_IDENTIFIER = com.samarthpaboowal.Landmarks;
				PRODUCT_NAME = "$(TARGET_NAME)";
				SDKROOT = auto;
				SUPPORTED_PLATFORMS = "iphoneos iphonesimulator macosx";
				SWIFT_EMIT_LOC_STRINGS = YES;
				SWIFT_VERSION = 5.0;
				TARGETED_DEVICE_FAMILY = "1,2";
			};
			name = Debug;
		};
		10C545B6290FAE2200D2FDFD /* Release */ = {
			isa = XCBuildConfiguration;
			buildSettings = {
				ASSETCATALOG_COMPILER_APPICON_NAME = AppIcon;
				ASSETCATALOG_COMPILER_GLOBAL_ACCENT_COLOR_NAME = AccentColor;
				CODE_SIGN_ENTITLEMENTS = Landmarks/Landmarks.entitlements;
				CODE_SIGN_STYLE = Automatic;
				CURRENT_PROJECT_VERSION = 1;
				DEVELOPMENT_ASSET_PATHS = "\"Landmarks/Preview Content\"";
				DEVELOPMENT_TEAM = JRGTZSQ5R3;
				ENABLE_HARDENED_RUNTIME = YES;
				ENABLE_PREVIEWS = YES;
				GENERATE_INFOPLIST_FILE = YES;
				"INFOPLIST_KEY_UIApplicationSceneManifest_Generation[sdk=iphoneos*]" = YES;
				"INFOPLIST_KEY_UIApplicationSceneManifest_Generation[sdk=iphonesimulator*]" = YES;
				"INFOPLIST_KEY_UIApplicationSupportsIndirectInputEvents[sdk=iphoneos*]" = YES;
				"INFOPLIST_KEY_UIApplicationSupportsIndirectInputEvents[sdk=iphonesimulator*]" = YES;
				"INFOPLIST_KEY_UILaunchScreen_Generation[sdk=iphoneos*]" = YES;
				"INFOPLIST_KEY_UILaunchScreen_Generation[sdk=iphonesimulator*]" = YES;
				"INFOPLIST_KEY_UIStatusBarStyle[sdk=iphoneos*]" = UIStatusBarStyleDefault;
				"INFOPLIST_KEY_UIStatusBarStyle[sdk=iphonesimulator*]" = UIStatusBarStyleDefault;
				INFOPLIST_KEY_UISupportedInterfaceOrientations_iPad = "UIInterfaceOrientationPortrait UIInterfaceOrientationPortraitUpsideDown UIInterfaceOrientationLandscapeLeft UIInterfaceOrientationLandscapeRight";
				INFOPLIST_KEY_UISupportedInterfaceOrientations_iPhone = "UIInterfaceOrientationPortrait UIInterfaceOrientationLandscapeLeft UIInterfaceOrientationLandscapeRight";
				IPHONEOS_DEPLOYMENT_TARGET = 16.0;
				LD_RUNPATH_SEARCH_PATHS = "@executable_path/Frameworks";
				"LD_RUNPATH_SEARCH_PATHS[sdk=macosx*]" = "@executable_path/../Frameworks";
				MACOSX_DEPLOYMENT_TARGET = 12.3;
				MARKETING_VERSION = 1.0;
				PRODUCT_BUNDLE_IDENTIFIER = com.samarthpaboowal.Landmarks;
				PRODUCT_NAME = "$(TARGET_NAME)";
				SDKROOT = auto;
				SUPPORTED_PLATFORMS = "iphoneos iphonesimulator macosx";
				SWIFT_EMIT_LOC_STRINGS = YES;
				SWIFT_VERSION = 5.0;
				TARGETED_DEVICE_FAMILY = "1,2";
			};
			name = Release;
		};
/* End XCBuildConfiguration section */

/* Begin XCConfigurationList section */
		10C545A0290FAE2200D2FDFD /* Build configuration list for PBXProject "Landmarks" */ = {
			isa = XCConfigurationList;
			buildConfigurations = (
				10C545B2290FAE2200D2FDFD /* Debug */,
				10C545B3290FAE2200D2FDFD /* Release */,
			);
			defaultConfigurationIsVisible = 0;
			defaultConfigurationName = Release;
		};
		10C545B4290FAE2200D2FDFD /* Build configuration list for PBXNativeTarget "Landmarks" */ = {
			isa = XCConfigurationList;
			buildConfigurations = (
				10C545B5290FAE2200D2FDFD /* Debug */,
				10C545B6290FAE2200D2FDFD /* Release */,
			);
			defaultConfigurationIsVisible = 0;
			defaultConfigurationName = Release;
		};
/* End XCConfigurationList section */
	};
	rootObject = 10C5459D290FAE2200D2FDFD /* Project object */;
}
